
Microsoft Visual Studio Solution File, Format Version 12.00
# Visual Studio 15
VisualStudioVersion = 15.0.27130.2027
MinimumVisualStudioVersion = 10.0.40219.1
Project("{9A19103F-16F7-4668-BE54-9A1E7A4F7556}") = "DocuSign.eSign", "sdk\src\DocuSign.eSign\DocuSign.eSign.csproj", "{C82E3395-30AF-4B73-AA60-398583FEF0E1}"
EndProject
Project("{9A19103F-16F7-4668-BE54-9A1E7A4F7556}") = "DocuSign.eSign.Test", "sdk\src\DocuSign.eSign.Test\DocuSign.eSign.Test.csproj", "{895F6E76-A0C0-451B-9397-27C886D62188}"
EndProject
Global
	GlobalSection(SolutionConfigurationPlatforms) = preSolution
		Debug|Any CPU = Debug|Any CPU
		Release|Any CPU = Release|Any CPU
	EndGlobalSection
	GlobalSection(ProjectConfigurationPlatforms) = postSolution
		{C82E3395-30AF-4B73-AA60-398583FEF0E1}.Debug|Any CPU.ActiveCfg = Debug|Any CPU
		{C82E3395-30AF-4B73-AA60-398583FEF0E1}.Debug|Any CPU.Build.0 = Debug|Any CPU
		{C82E3395-30AF-4B73-AA60-398583FEF0E1}.Release|Any CPU.ActiveCfg = Release|Any CPU
		{C82E3395-30AF-4B73-AA60-398583FEF0E1}.Release|Any CPU.Build.0 = Release|Any CPU
		{895F6E76-A0C0-451B-9397-27C886D62188}.Debug|Any CPU.ActiveCfg = Debug|Any CPU
		{895F6E76-A0C0-451B-9397-27C886D62188}.Debug|Any CPU.Build.0 = Debug|Any CPU
		{895F6E76-A0C0-451B-9397-27C886D62188}.Release|Any CPU.ActiveCfg = Release|Any CPU
		{895F6E76-A0C0-451B-9397-27C886D62188}.Release|Any CPU.Build.0 = Release|Any CPU
	EndGlobalSection
	GlobalSection(SolutionProperties) = preSolution
		HideSolutionNode = FALSE
	EndGlobalSection
	GlobalSection(ExtensibilityGlobals) = postSolution
		SolutionGuid = {067D122B-17ED-4422-9974-1106143EC9C8}
	EndGlobalSection
EndGlobal
